
Microsoft Visual Studio Solution File, Format Version 12.00
# Visual Studio Version 17
VisualStudioVersion = 17.10.35013.160
MinimumVisualStudioVersion = 10.0.40219.1
Project("{8BC9CEB8-8B4A-11D0-8D11-00A0C91BC942}") = "test_app", "test_app\test_app.vcxproj", "{1B9D5C7C-455F-4999-9785-19FC2DBEE0B6}"
	ProjectSection(ProjectDependencies) = postProject
		{BDD780B4-C9FD-4D7F-B63D-06A49965263C} = {BDD780B4-C9FD-4D7F-B63D-06A49965263C}
	EndProjectSection
EndProject
Project("{8BC9CEB8-8B4A-11D0-8D11-00A0C91BC942}") = "cuda_toolkit", "cuda_toolkit\cuda_toolkit.vcxproj", "{BDD780B4-C9FD-4D7F-B63D-06A49965263C}"
EndProject
Project("{8BC9CEB8-8B4A-11D0-8D11-00A0C91BC942}") = "ogl_beamforming_cuda", "ogl_beamforming_cuda\ogl_beamforming_cuda.vcxproj", "{35591836-7C1D-4FD5-9DEF-7BD78886D82A}"
EndProject
Global
	GlobalSection(SolutionConfigurationPlatforms) = preSolution
		Debug|x64 = Debug|x64
		Debug|x86 = Debug|x86
		Release|x64 = Release|x64
		Release|x86 = Release|x86
	EndGlobalSection
	GlobalSection(ProjectConfigurationPlatforms) = postSolution
		{1B9D5C7C-455F-4999-9785-19FC2DBEE0B6}.Debug|x64.ActiveCfg = Debug|x64
		{1B9D5C7C-455F-4999-9785-19FC2DBEE0B6}.Debug|x64.Build.0 = Debug|x64
		{1B9D5C7C-455F-4999-9785-19FC2DBEE0B6}.Debug|x86.ActiveCfg = Debug|x64
		{1B9D5C7C-455F-4999-9785-19FC2DBEE0B6}.Debug|x86.Build.0 = Debug|x64
		{1B9D5C7C-455F-4999-9785-19FC2DBEE0B6}.Release|x64.ActiveCfg = Release|x64
		{1B9D5C7C-455F-4999-9785-19FC2DBEE0B6}.Release|x64.Build.0 = Release|x64
		{1B9D5C7C-455F-4999-9785-19FC2DBEE0B6}.Release|x86.ActiveCfg = Release|x64
		{1B9D5C7C-455F-4999-9785-19FC2DBEE0B6}.Release|x86.Build.0 = Release|x64
		{BDD780B4-C9FD-4D7F-B63D-06A49965263C}.Debug|x64.ActiveCfg = Debug|x64
		{BDD780B4-C9FD-4D7F-B63D-06A49965263C}.Debug|x64.Build.0 = Debug|x64
		{BDD780B4-C9FD-4D7F-B63D-06A49965263C}.Debug|x86.ActiveCfg = Debug|Win32
		{BDD780B4-C9FD-4D7F-B63D-06A49965263C}.Debug|x86.Build.0 = Debug|Win32
		{BDD780B4-C9FD-4D7F-B63D-06A49965263C}.Release|x64.ActiveCfg = Release|x64
		{BDD780B4-C9FD-4D7F-B63D-06A49965263C}.Release|x64.Build.0 = Release|x64
		{BDD780B4-C9FD-4D7F-B63D-06A49965263C}.Release|x86.ActiveCfg = Release|Win32
		{BDD780B4-C9FD-4D7F-B63D-06A49965263C}.Release|x86.Build.0 = Release|Win32
		{35591836-7C1D-4FD5-9DEF-7BD78886D82A}.Debug|x64.ActiveCfg = Debug|x64
		{35591836-7C1D-4FD5-9DEF-7BD78886D82A}.Debug|x64.Build.0 = Debug|x64
		{35591836-7C1D-4FD5-9DEF-7BD78886D82A}.Debug|x86.ActiveCfg = Debug|Win32
		{35591836-7C1D-4FD5-9DEF-7BD78886D82A}.Debug|x86.Build.0 = Debug|Win32
		{35591836-7C1D-4FD5-9DEF-7BD78886D82A}.Release|x64.ActiveCfg = Release|x64
		{35591836-7C1D-4FD5-9DEF-7BD78886D82A}.Release|x64.Build.0 = Release|x64
		{35591836-7C1D-4FD5-9DEF-7BD78886D82A}.Release|x86.ActiveCfg = Release|Win32
		{35591836-7C1D-4FD5-9DEF-7BD78886D82A}.Release|x86.Build.0 = Release|Win32
	EndGlobalSection
	GlobalSection(SolutionProperties) = preSolution
		HideSolutionNode = FALSE
	EndGlobalSection
	GlobalSection(ExtensibilityGlobals) = postSolution
		SolutionGuid = {0990E9F6-EF72-45E0-9543-7557DE87EDBC}
	EndGlobalSection
EndGlobal
