<?xml version="1.0" encoding="utf-8"?>
<Project ToolsVersion="4.0" xmlns="http://schemas.microsoft.com/developer/msbuild/2003">
  <ItemGroup>
    <Filter Include="Source Files">
      <UniqueIdentifier>{4FC737F1-C7A5-4376-A066-2A32D752A2FF}</UniqueIdentifier>
      <Extensions>cpp;c;cc;cxx;c++;cppm;ixx;def;odl;idl;hpj;bat;asm;asmx</Extensions>
    </Filter>
    <Filter Include="Header Files">
      <UniqueIdentifier>{93995380-89BD-4b04-88EB-625FBE52EBFB}</UniqueIdentifier>
      <Extensions>h;hh;hpp;hxx;h++;hm;inl;inc;ipp;xsd</Extensions>
    </Filter>
    <Filter Include="Resource Files">
      <UniqueIdentifier>{67DA6AB6-F800-4c08-8B7A-83BB121AAD01}</UniqueIdentifier>
      <Extensions>rc;ico;cur;bmp;dlg;rc2;rct;bin;rgs;gif;jpg;jpeg;jpe;resx;tiff;tif;png;wav;mfcribbon-ms</Extensions>
    </Filter>
  </ItemGroup>
  <ItemGroup>
    <ClCompile Include="src\api\dllmain.cpp">
      <Filter>Source Files</Filter>
    </ClCompile>
    <ClCompile Include="src\api\cuda_toolkit.cpp">
      <Filter>Source Files</Filter>
    </ClCompile>
    <ClCompile Include="src\api\cuda_toolkit_ogl.cpp">
      <Filter>Source Files</Filter>
    </ClCompile>
    <ClCompile Include="src\rf_processing\rf_processor.cpp">
      <Filter>Source Files</Filter>
    </ClCompile>
    <ClCompile Include="src\rf_processing\hadamard\hadamard_decoder.cpp">
      <Filter>Source Files</Filter>
    </ClCompile>
    <ClCompile Include="src\image_processing\image_processor.cpp">
      <Filter>Source Files</Filter>
    </ClCompile>
  </ItemGroup>
  <ItemGroup>
    <ClInclude Include="src\defs.h">
      <Filter>Header Files</Filter>
    </ClInclude>
    <ClInclude Include="src\public\cuda_beamformer_parameters.h">
      <Filter>Header Files</Filter>
    </ClInclude>
    <ClInclude Include="source\cuda_session.h">
      <Filter>Header Files</Filter>
    </ClInclude>
    <ClInclude Include="source\cuda_toolkit.h">
      <Filter>Header Files</Filter>
    </ClInclude>
    <ClInclude Include="src\public\cuda_toolkit.hpp">
      <Filter>Header Files</Filter>
    </ClInclude>
    <ClInclude Include="src\public\cuda_toolkit_ogl.h">
      <Filter>Header Files</Filter>
    </ClInclude>
    <ClInclude Include="src\beamformer\beamformer.h">
      <Filter>Header Files</Filter>
    </ClInclude>
    <ClInclude Include="src\beamformer\beamformer_constants.cuh" />
    <ClInclude Include="src\beamformer\beamformer_utils.cuh" />
    <ClInclude Include="src\rf_processing\rf_processor.h">
      <Filter>Header Files</Filter>
    </ClInclude>
    <ClInclude Include="src\rf_processing\data_conversion\data_converter.h">
      <Filter>Header Files</Filter>
    </ClInclude>
    <ClInclude Include="src\rf_processing\hadamard\hadamard_decoder.h">
      <Filter>Header Files</Filter>
    </ClInclude>
    <ClInclude Include="src\rf_processing\rf_ffts\hilbert_handler.h">
      <Filter>Header Files</Filter>
    </ClInclude>
    <ClInclude Include="src\image_processing\image_processor.h">
      <Filter>Header Files</Filter>
    </ClInclude>
    <ClInclude Include="src\rf_processing\rf_ffts\hilbert_kernels.cuh" />
    <ClInclude Include="src\rf_processing\data_conversion\data_conversion_kernels.cuh" />
    <ClInclude Include="src\beamformer\kernels\beamformer_kernels.cuh" />
    <ClInclude Include="src\image_processing\image_processor.h" />
    <ClInclude Include="src\image_processing\kernels\block_match_kernels.cuh" />
  </ItemGroup>
  <ItemGroup>
    <CudaCompile Include="src\beamformer\beamformer.cu" />
    <CudaCompile Include="src\rf_processing\rf_ffts\hilbert_handler.cu" />
    <CudaCompile Include="src\rf_processing\data_conversion\data_converter.cu" />
    <CudaCompile Include="src\beamformer\kernels\beamformer_kernels.cu" />
    <CudaCompile Include="src\beamformer\kernels\other_beamformers.cu" />
    <CudaCompile Include="src\image_processing\image_processor.cpp" />
    <CudaCompile Include="src\image_processing\kernels\block_match_kernels.cu" />
  </ItemGroup>
</Project>